{
  "requires": true,
  "lockfileVersion": 1,
  "dependencies": {
    "leaflet-labeled-circle": {
      "version": "1.0.2",
      "resolved": "https://registry.npmjs.org/leaflet-labeled-circle/-/leaflet-labeled-circle-1.0.2.tgz",
      "integrity": "sha512-MaOUnH6HECcIwpF8vGD50s87mfNrsADwsKHz1P5sa5poN3Dlg2RY+IFKx8hzX7dpgebrN69qFHEoOGXUPe9eRg==",
      "requires": {
        "leaflet-path-drag": "1.1.0"
      }
    },
    "leaflet-path-drag": {
      "version": "1.1.0",
      "resolved": "https://registry.npmjs.org/leaflet-path-drag/-/leaflet-path-drag-1.1.0.tgz",
      "integrity": "sha512-wd2uNgn3yuMl7HI0YG0z6qhxnRbvCQHE8ncpERfUZ6gTPbM5Xctwzyi+gE8cMnIDlv22GO3slSBupD9GW7jIEQ=="
    }
  }
}
